
Microsoft Visual Studio Solution File, Format Version 12.00
# Visual Studio 15
VisualStudioVersion = 15.0.28010.2003
MinimumVisualStudioVersion = 10.0.40219.1
Project("{8BC9CEB8-8B4A-11D0-8D11-00A0C91BC942}") = "hw05_2", "hw05_2\hw05_2.vcxproj", "{031E0438-9A6C-495A-951D-5AE60255D256}"
EndProject
Global
	GlobalSection(SolutionConfigurationPlatforms) = preSolution
		Debug|x64 = Debug|x64
		Debug|x86 = Debug|x86
		Release|x64 = Release|x64
		Release|x86 = Release|x86
	EndGlobalSection
	GlobalSection(ProjectConfigurationPlatforms) = postSolution
		{031E0438-9A6C-495A-951D-5AE60255D256}.Debug|x64.ActiveCfg = Debug|x64
		{031E0438-9A6C-495A-951D-5AE60255D256}.Debug|x64.Build.0 = Debug|x64
		{031E0438-9A6C-495A-951D-5AE60255D256}.Debug|x86.ActiveCfg = Debug|Win32
		{031E0438-9A6C-495A-951D-5AE60255D256}.Debug|x86.Build.0 = Debug|Win32
		{031E0438-9A6C-495A-951D-5AE60255D256}.Release|x64.ActiveCfg = Release|x64
		{031E0438-9A6C-495A-951D-5AE60255D256}.Release|x64.Build.0 = Release|x64
		{031E0438-9A6C-495A-951D-5AE60255D256}.Release|x86.ActiveCfg = Release|Win32
		{031E0438-9A6C-495A-951D-5AE60255D256}.Release|x86.Build.0 = Release|Win32
	EndGlobalSection
	GlobalSection(SolutionProperties) = preSolution
		HideSolutionNode = FALSE
	EndGlobalSection
	GlobalSection(ExtensibilityGlobals) = postSolution
		SolutionGuid = {3E88DCEA-FBAC-47B8-9731-B6F0FF2A065B}
	EndGlobalSection
EndGlobal
